
Microsoft Visual Studio Solution File, Format Version 12.00
# Visual Studio 15
VisualStudioVersion = 15.0.28307.168
MinimumVisualStudioVersion = 10.0.40219.1
Project("{FAE04EC0-301F-11D3-BF4B-00C04F79EFBC}") = "CmsEuroval", "CmsEuroval\CmsEuroval.csproj", "{2A1F3B46-16ED-44D0-AE47-7C653F493972}"
EndProject
Project("{FAE04EC0-301F-11D3-BF4B-00C04F79EFBC}") = "EurovalBusinessLogic", "EurovalBusinessLogic\EurovalBusinessLogic.csproj", "{66CD90B9-5FC6-4E11-9D5D-1B85829658A6}"
EndProject
Project("{FAE04EC0-301F-11D3-BF4B-00C04F79EFBC}") = "EurovalDataAccess", "EurovalDataAccess\EurovalDataAccess.csproj", "{BB522FDC-AA24-4377-B09B-365500A6C341}"
EndProject
Global
	GlobalSection(SolutionConfigurationPlatforms) = preSolution
		Debug|Any CPU = Debug|Any CPU
		Release|Any CPU = Release|Any CPU
	EndGlobalSection
	GlobalSection(ProjectConfigurationPlatforms) = postSolution
		{2A1F3B46-16ED-44D0-AE47-7C653F493972}.Debug|Any CPU.ActiveCfg = Debug|Any CPU
		{2A1F3B46-16ED-44D0-AE47-7C653F493972}.Debug|Any CPU.Build.0 = Debug|Any CPU
		{2A1F3B46-16ED-44D0-AE47-7C653F493972}.Release|Any CPU.ActiveCfg = Release|Any CPU
		{2A1F3B46-16ED-44D0-AE47-7C653F493972}.Release|Any CPU.Build.0 = Release|Any CPU
		{66CD90B9-5FC6-4E11-9D5D-1B85829658A6}.Debug|Any CPU.ActiveCfg = Debug|Any CPU
		{66CD90B9-5FC6-4E11-9D5D-1B85829658A6}.Debug|Any CPU.Build.0 = Debug|Any CPU
		{66CD90B9-5FC6-4E11-9D5D-1B85829658A6}.Release|Any CPU.ActiveCfg = Release|Any CPU
		{66CD90B9-5FC6-4E11-9D5D-1B85829658A6}.Release|Any CPU.Build.0 = Release|Any CPU
		{BB522FDC-AA24-4377-B09B-365500A6C341}.Debug|Any CPU.ActiveCfg = Debug|Any CPU
		{BB522FDC-AA24-4377-B09B-365500A6C341}.Debug|Any CPU.Build.0 = Debug|Any CPU
		{BB522FDC-AA24-4377-B09B-365500A6C341}.Release|Any CPU.ActiveCfg = Release|Any CPU
		{BB522FDC-AA24-4377-B09B-365500A6C341}.Release|Any CPU.Build.0 = Release|Any CPU
	EndGlobalSection
	GlobalSection(SolutionProperties) = preSolution
		HideSolutionNode = FALSE
	EndGlobalSection
	GlobalSection(ExtensibilityGlobals) = postSolution
		SolutionGuid = {402212F9-CDD8-416F-8B8C-BD66FC8D8DD0}
	EndGlobalSection
EndGlobal
